// !$*UTF8*$!
{
	archiveVersion = 1;
	classes = {
	};
	objectVersion = 46;
	objects = {

/* Begin PBXBuildFile section */
		744D47E019E76541002A43D0 /* main.m in Sources */ = {isa = PBXBuildFile; fileRef = 744D47DF19E76541002A43D0 /* main.m */; };
		744D47E319E76542002A43D0 /* AppDelegate.m in Sources */ = {isa = PBXBuildFile; fileRef = 744D47E219E76542002A43D0 /* AppDelegate.m */; };
		744D47E619E76542002A43D0 /* HelloWorldAssesment.xcdatamodeld in Sources */ = {isa = PBXBuildFile; fileRef = 744D47E419E76542002A43D0 /* HelloWorldAssesment.xcdatamodeld */; };
		744D47EC19E76542002A43D0 /* Main.storyboard in Resources */ = {isa = PBXBuildFile; fileRef = 744D47EA19E76542002A43D0 /* Main.storyboard */; };
		744D47EE19E76542002A43D0 /* Images.xcassets in Resources */ = {isa = PBXBuildFile; fileRef = 744D47ED19E76542002A43D0 /* Images.xcassets */; };
		744D47F119E76542002A43D0 /* LaunchScreen.xib in Resources */ = {isa = PBXBuildFile; fileRef = 744D47EF19E76542002A43D0 /* LaunchScreen.xib */; };
		744D47FD19E76542002A43D0 /* HelloWorldAssesmentTests.m in Sources */ = {isa = PBXBuildFile; fileRef = 744D47FC19E76542002A43D0 /* HelloWorldAssesmentTests.m */; };
		744D480B19E76980002A43D0 /* HWHomeViewController.m in Sources */ = {isa = PBXBuildFile; fileRef = 744D480A19E76980002A43D0 /* HWHomeViewController.m */; };
		744D480E19E7699A002A43D0 /* HWLocation.m in Sources */ = {isa = PBXBuildFile; fileRef = 744D480D19E7699A002A43D0 /* HWLocation.m */; };
		744D481419E76A73002A43D0 /* HWConstants.m in Sources */ = {isa = PBXBuildFile; fileRef = 744D481319E76A73002A43D0 /* HWConstants.m */; };
		744D481619E78548002A43D0 /* MapKit.framework in Frameworks */ = {isa = PBXBuildFile; fileRef = 744D481519E78548002A43D0 /* MapKit.framework */; };
		744D481919E8C3C8002A43D0 /* HWHomeTableViewCell.m in Sources */ = {isa = PBXBuildFile; fileRef = 744D481819E8C3C8002A43D0 /* HWHomeTableViewCell.m */; };
		744D481C19E8C840002A43D0 /* HWDetailsViewController.m in Sources */ = {isa = PBXBuildFile; fileRef = 744D481B19E8C840002A43D0 /* HWDetailsViewController.m */; };
		744D481E19E8E14A002A43D0 /* det-office.jpg in Resources */ = {isa = PBXBuildFile; fileRef = 744D481D19E8E14A002A43D0 /* det-office.jpg */; };
		744D482019E90617002A43D0 /* locations.plist in Resources */ = {isa = PBXBuildFile; fileRef = 744D481F19E90617002A43D0 /* locations.plist */; };
		744D482219E99D35002A43D0 /* _0047_phone.png in Resources */ = {isa = PBXBuildFile; fileRef = 744D482119E99D35002A43D0 /* _0047_phone.png */; };
		744D482419E99D68002A43D0 /* _0004_circuit.png in Resources */ = {isa = PBXBuildFile; fileRef = 744D482319E99D68002A43D0 /* _0004_circuit.png */; };
		744D482619E99EBD002A43D0 /* helloworld logo.png in Resources */ = {isa = PBXBuildFile; fileRef = 744D482519E99EBD002A43D0 /* helloworld logo.png */; };
/* End PBXBuildFile section */

/* Begin PBXContainerItemProxy section */
		744D47F719E76542002A43D0 /* PBXContainerItemProxy */ = {
			isa = PBXContainerItemProxy;
			containerPortal = 744D47D219E76541002A43D0 /* Project object */;
			proxyType = 1;
			remoteGlobalIDString = 744D47D919E76541002A43D0;
			remoteInfo = HelloWorldAssesment;
		};
/* End PBXContainerItemProxy section */

/* Begin PBXFileReference section */
		744D47DA19E76541002A43D0 /* HelloWorldAssesment.app */ = {isa = PBXFileReference; explicitFileType = wrapper.application; includeInIndex = 0; path = HelloWorldAssesment.app; sourceTree = BUILT_PRODUCTS_DIR; };
		744D47DE19E76541002A43D0 /* Info.plist */ = {isa = PBXFileReference; lastKnownFileType = text.plist.xml; path = Info.plist; sourceTree = "<group>"; };
		744D47DF19E76541002A43D0 /* main.m */ = {isa = PBXFileReference; lastKnownFileType = sourcecode.c.objc; path = main.m; sourceTree = "<group>"; };
		744D47E119E76541002A43D0 /* AppDelegate.h */ = {isa = PBXFileReference; lastKnownFileType = sourcecode.c.h; path = AppDelegate.h; sourceTree = "<group>"; };
		744D47E219E76542002A43D0 /* AppDelegate.m */ = {isa = PBXFileReference; lastKnownFileType = sourcecode.c.objc; path = AppDelegate.m; sourceTree = "<group>"; };
		744D47E519E76542002A43D0 /* HelloWorldAssesment.xcdatamodel */ = {isa = PBXFileReference; lastKnownFileType = wrapper.xcdatamodel; path = HelloWorldAssesment.xcdatamodel; sourceTree = "<group>"; };
		744D47EB19E76542002A43D0 /* Base */ = {isa = PBXFileReference; lastKnownFileType = file.storyboard; name = Base; path = Base.lproj/Main.storyboard; sourceTree = "<group>"; };
		744D47ED19E76542002A43D0 /* Images.xcassets */ = {isa = PBXFileReference; lastKnownFileType = folder.assetcatalog; path = Images.xcassets; sourceTree = "<group>"; };
		744D47F019E76542002A43D0 /* Base */ = {isa = PBXFileReference; lastKnownFileType = file.xib; name = Base; path = Base.lproj/LaunchScreen.xib; sourceTree = "<group>"; };
		744D47F619E76542002A43D0 /* HelloWorldAssesmentTests.xctest */ = {isa = PBXFileReference; explicitFileType = wrapper.cfbundle; includeInIndex = 0; path = HelloWorldAssesmentTests.xctest; sourceTree = BUILT_PRODUCTS_DIR; };
		744D47FB19E76542002A43D0 /* Info.plist */ = {isa = PBXFileReference; lastKnownFileType = text.plist.xml; path = Info.plist; sourceTree = "<group>"; };
		744D47FC19E76542002A43D0 /* HelloWorldAssesmentTests.m */ = {isa = PBXFileReference; lastKnownFileType = sourcecode.c.objc; path = HelloWorldAssesmentTests.m; sourceTree = "<group>"; };
		744D480919E76980002A43D0 /* HWHomeViewController.h */ = {isa = PBXFileReference; fileEncoding = 4; lastKnownFileType = sourcecode.c.h; path = HWHomeViewController.h; sourceTree = "<group>"; };
		744D480A19E76980002A43D0 /* HWHomeViewController.m */ = {isa = PBXFileReference; fileEncoding = 4; lastKnownFileType = sourcecode.c.objc; path = HWHomeViewController.m; sourceTree = "<group>"; };
		744D480C19E7699A002A43D0 /* HWLocation.h */ = {isa = PBXFileReference; fileEncoding = 4; lastKnownFileType = sourcecode.c.h; path = HWLocation.h; sourceTree = "<group>"; };
		744D480D19E7699A002A43D0 /* HWLocation.m */ = {isa = PBXFileReference; fileEncoding = 4; lastKnownFileType = sourcecode.c.objc; path = HWLocation.m; sourceTree = "<group>"; };
		744D481219E76A73002A43D0 /* HWConstants.h */ = {isa = PBXFileReference; fileEncoding = 4; lastKnownFileType = sourcecode.c.h; name = HWConstants.h; path = ../HWConstants.h; sourceTree = "<group>"; };
		744D481319E76A73002A43D0 /* HWConstants.m */ = {isa = PBXFileReference; fileEncoding = 4; lastKnownFileType = sourcecode.c.objc; name = HWConstants.m; path = ../HWConstants.m; sourceTree = "<group>"; };
		744D481519E78548002A43D0 /* MapKit.framework */ = {isa = PBXFileReference; lastKnownFileType = wrapper.framework; name = MapKit.framework; path = System/Library/Frameworks/MapKit.framework; sourceTree = SDKROOT; };
		744D481719E8C3C8002A43D0 /* HWHomeTableViewCell.h */ = {isa = PBXFileReference; fileEncoding = 4; lastKnownFileType = sourcecode.c.h; path = HWHomeTableViewCell.h; sourceTree = "<group>"; };
		744D481819E8C3C8002A43D0 /* HWHomeTableViewCell.m */ = {isa = PBXFileReference; fileEncoding = 4; lastKnownFileType = sourcecode.c.objc; path = HWHomeTableViewCell.m; sourceTree = "<group>"; };
		744D481A19E8C840002A43D0 /* HWDetailsViewController.h */ = {isa = PBXFileReference; fileEncoding = 4; lastKnownFileType = sourcecode.c.h; path = HWDetailsViewController.h; sourceTree = "<group>"; };
		744D481B19E8C840002A43D0 /* HWDetailsViewController.m */ = {isa = PBXFileReference; fileEncoding = 4; lastKnownFileType = sourcecode.c.objc; path = HWDetailsViewController.m; sourceTree = "<group>"; };
		744D481D19E8E14A002A43D0 /* det-office.jpg */ = {isa = PBXFileReference; lastKnownFileType = image.jpeg; path = "det-office.jpg"; sourceTree = "<group>"; };
		744D481F19E90617002A43D0 /* locations.plist */ = {isa = PBXFileReference; fileEncoding = 4; lastKnownFileType = text.plist.xml; path = locations.plist; sourceTree = "<group>"; };
		744D482119E99D35002A43D0 /* _0047_phone.png */ = {isa = PBXFileReference; lastKnownFileType = image.png; path = _0047_phone.png; sourceTree = "<group>"; };
		744D482319E99D68002A43D0 /* _0004_circuit.png */ = {isa = PBXFileReference; lastKnownFileType = image.png; path = _0004_circuit.png; sourceTree = "<group>"; };
		744D482519E99EBD002A43D0 /* helloworld logo.png */ = {isa = PBXFileReference; lastKnownFileType = image.png; path = "helloworld logo.png"; sourceTree = "<group>"; };
/* End PBXFileReference section */

/* Begin PBXFrameworksBuildPhase section */
		744D47D719E76541002A43D0 /* Frameworks */ = {
			isa = PBXFrameworksBuildPhase;
			buildActionMask = 2147483647;
			files = (
				744D481619E78548002A43D0 /* MapKit.framework in Frameworks */,
			);
			runOnlyForDeploymentPostprocessing = 0;
		};
		744D47F319E76542002A43D0 /* Frameworks */ = {
			isa = PBXFrameworksBuildPhase;
			buildActionMask = 2147483647;
			files = (
			);
			runOnlyForDeploymentPostprocessing = 0;
		};
/* End PBXFrameworksBuildPhase section */

/* Begin PBXGroup section */
		744D47D119E76541002A43D0 = {
			isa = PBXGroup;
			children = (
				744D481519E78548002A43D0 /* MapKit.framework */,
				744D47DC19E76541002A43D0 /* HelloWorldAssesment */,
				744D47F919E76542002A43D0 /* HelloWorldAssesmentTests */,
				744D47DB19E76541002A43D0 /* Products */,
			);
			sourceTree = "<group>";
		};
		744D47DB19E76541002A43D0 /* Products */ = {
			isa = PBXGroup;
			children = (
				744D47DA19E76541002A43D0 /* HelloWorldAssesment.app */,
				744D47F619E76542002A43D0 /* HelloWorldAssesmentTests.xctest */,
			);
			name = Products;
			sourceTree = "<group>";
		};
		744D47DC19E76541002A43D0 /* HelloWorldAssesment */ = {
			isa = PBXGroup;
			children = (
				744D47E119E76541002A43D0 /* AppDelegate.h */,
				744D47E219E76542002A43D0 /* AppDelegate.m */,
				744D481219E76A73002A43D0 /* HWConstants.h */,
				744D481319E76A73002A43D0 /* HWConstants.m */,
				744D480919E76980002A43D0 /* HWHomeViewController.h */,
				744D480A19E76980002A43D0 /* HWHomeViewController.m */,
				744D481A19E8C840002A43D0 /* HWDetailsViewController.h */,
				744D481B19E8C840002A43D0 /* HWDetailsViewController.m */,
				744D480C19E7699A002A43D0 /* HWLocation.h */,
				744D480D19E7699A002A43D0 /* HWLocation.m */,
				744D47EA19E76542002A43D0 /* Main.storyboard */,
				744D481719E8C3C8002A43D0 /* HWHomeTableViewCell.h */,
				744D481819E8C3C8002A43D0 /* HWHomeTableViewCell.m */,
				744D47ED19E76542002A43D0 /* Images.xcassets */,
				744D47EF19E76542002A43D0 /* LaunchScreen.xib */,
				744D47E419E76542002A43D0 /* HelloWorldAssesment.xcdatamodeld */,
				744D47DD19E76541002A43D0 /* Supporting Files */,
			);
			path = HelloWorldAssesment;
			sourceTree = "<group>";
		};
		744D47DD19E76541002A43D0 /* Supporting Files */ = {
			isa = PBXGroup;
			children = (
				744D482519E99EBD002A43D0 /* helloworld logo.png */,
				744D482319E99D68002A43D0 /* _0004_circuit.png */,
				744D482119E99D35002A43D0 /* _0047_phone.png */,
				744D481F19E90617002A43D0 /* locations.plist */,
				744D481D19E8E14A002A43D0 /* det-office.jpg */,
				744D47DE19E76541002A43D0 /* Info.plist */,
				744D47DF19E76541002A43D0 /* main.m */,
			);
			name = "Supporting Files";
			sourceTree = "<group>";
		};
		744D47F919E76542002A43D0 /* HelloWorldAssesmentTests */ = {
			isa = PBXGroup;
			children = (
				744D47FC19E76542002A43D0 /* HelloWorldAssesmentTests.m */,
				744D47FA19E76542002A43D0 /* Supporting Files */,
			);
			path = HelloWorldAssesmentTests;
			sourceTree = "<group>";
		};
		744D47FA19E76542002A43D0 /* Supporting Files */ = {
			isa = PBXGroup;
			children = (
				744D47FB19E76542002A43D0 /* Info.plist */,
			);
			name = "Supporting Files";
			sourceTree = "<group>";
		};
/* End PBXGroup section */

/* Begin PBXNativeTarget section */
		744D47D919E76541002A43D0 /* HelloWorldAssesment */ = {
			isa = PBXNativeTarget;
			buildConfigurationList = 744D480019E76542002A43D0 /* Build configuration list for PBXNativeTarget "HelloWorldAssesment" */;
			buildPhases = (
				744D47D619E76541002A43D0 /* Sources */,
				744D47D719E76541002A43D0 /* Frameworks */,
				744D47D819E76541002A43D0 /* Resources */,
			);
			buildRules = (
			);
			dependencies = (
			);
			name = HelloWorldAssesment;
			productName = HelloWorldAssesment;
			productReference = 744D47DA19E76541002A43D0 /* HelloWorldAssesment.app */;
			productType = "com.apple.product-type.application";
		};
		744D47F519E76542002A43D0 /* HelloWorldAssesmentTests */ = {
			isa = PBXNativeTarget;
			buildConfigurationList = 744D480319E76542002A43D0 /* Build configuration list for PBXNativeTarget "HelloWorldAssesmentTests" */;
			buildPhases = (
				744D47F219E76542002A43D0 /* Sources */,
				744D47F319E76542002A43D0 /* Frameworks */,
				744D47F419E76542002A43D0 /* Resources */,
			);
			buildRules = (
			);
			dependencies = (
				744D47F819E76542002A43D0 /* PBXTargetDependency */,
			);
			name = HelloWorldAssesmentTests;
			productName = HelloWorldAssesmentTests;
			productReference = 744D47F619E76542002A43D0 /* HelloWorldAssesmentTests.xctest */;
			productType = "com.apple.product-type.bundle.unit-test";
		};
/* End PBXNativeTarget section */

/* Begin PBXProject section */
		744D47D219E76541002A43D0 /* Project object */ = {
			isa = PBXProject;
			attributes = {
				LastUpgradeCheck = 0600;
				ORGANIZATIONNAME = Bitfountain.io;
				TargetAttributes = {
					744D47D919E76541002A43D0 = {
						CreatedOnToolsVersion = 6.0;
					};
					744D47F519E76542002A43D0 = {
						CreatedOnToolsVersion = 6.0;
						TestTargetID = 744D47D919E76541002A43D0;
					};
				};
			};
			buildConfigurationList = 744D47D519E76541002A43D0 /* Build configuration list for PBXProject "HelloWorldAssesment" */;
			compatibilityVersion = "Xcode 3.2";
			developmentRegion = English;
			hasScannedForEncodings = 0;
			knownRegions = (
				en,
				Base,
			);
			mainGroup = 744D47D119E76541002A43D0;
			productRefGroup = 744D47DB19E76541002A43D0 /* Products */;
			projectDirPath = "";
			projectRoot = "";
			targets = (
				744D47D919E76541002A43D0 /* HelloWorldAssesment */,
				744D47F519E76542002A43D0 /* HelloWorldAssesmentTests */,
			);
		};
/* End PBXProject section */

/* Begin PBXResourcesBuildPhase section */
		744D47D819E76541002A43D0 /* Resources */ = {
			isa = PBXResourcesBuildPhase;
			buildActionMask = 2147483647;
			files = (
				744D47EC19E76542002A43D0 /* Main.storyboard in Resources */,
				744D482219E99D35002A43D0 /* _0047_phone.png in Resources */,
				744D47F119E76542002A43D0 /* LaunchScreen.xib in Resources */,
				744D482619E99EBD002A43D0 /* helloworld logo.png in Resources */,
				744D482019E90617002A43D0 /* locations.plist in Resources */,
				744D47EE19E76542002A43D0 /* Images.xcassets in Resources */,
				744D481E19E8E14A002A43D0 /* det-office.jpg in Resources */,
				744D482419E99D68002A43D0 /* _0004_circuit.png in Resources */,
			);
			runOnlyForDeploymentPostprocessing = 0;
		};
		744D47F419E76542002A43D0 /* Resources */ = {
			isa = PBXResourcesBuildPhase;
			buildActionMask = 2147483647;
			files = (
			);
			runOnlyForDeploymentPostprocessing = 0;
		};
/* End PBXResourcesBuildPhase section */

/* Begin PBXSourcesBuildPhase section */
		744D47D619E76541002A43D0 /* Sources */ = {
			isa = PBXSourcesBuildPhase;
			buildActionMask = 2147483647;
			files = (
				744D481C19E8C840002A43D0 /* HWDetailsViewController.m in Sources */,
				744D480B19E76980002A43D0 /* HWHomeViewController.m in Sources */,
				744D47E619E76542002A43D0 /* HelloWorldAssesment.xcdatamodeld in Sources */,
				744D47E319E76542002A43D0 /* AppDelegate.m in Sources */,
				744D481919E8C3C8002A43D0 /* HWHomeTableViewCell.m in Sources */,
				744D481419E76A73002A43D0 /* HWConstants.m in Sources */,
				744D47E019E76541002A43D0 /* main.m in Sources */,
				744D480E19E7699A002A43D0 /* HWLocation.m in Sources */,
			);
			runOnlyForDeploymentPostprocessing = 0;
		};
		744D47F219E76542002A43D0 /* Sources */ = {
			isa = PBXSourcesBuildPhase;
			buildActionMask = 2147483647;
			files = (
				744D47FD19E76542002A43D0 /* HelloWorldAssesmentTests.m in Sources */,
			);
			runOnlyForDeploymentPostprocessing = 0;
		};
/* End PBXSourcesBuildPhase section */

/* Begin PBXTargetDependency section */
		744D47F819E76542002A43D0 /* PBXTargetDependency */ = {
			isa = PBXTargetDependency;
			target = 744D47D919E76541002A43D0 /* HelloWorldAssesment */;
			targetProxy = 744D47F719E76542002A43D0 /* PBXContainerItemProxy */;
		};
/* End PBXTargetDependency section */

/* Begin PBXVariantGroup section */
		744D47EA19E76542002A43D0 /* Main.storyboard */ = {
			isa = PBXVariantGroup;
			children = (
				744D47EB19E76542002A43D0 /* Base */,
			);
			name = Main.storyboard;
			sourceTree = "<group>";
		};
		744D47EF19E76542002A43D0 /* LaunchScreen.xib */ = {
			isa = PBXVariantGroup;
			children = (
				744D47F019E76542002A43D0 /* Base */,
			);
			name = LaunchScreen.xib;
			sourceTree = "<group>";
		};
/* End PBXVariantGroup section */

/* Begin XCBuildConfiguration section */
		744D47FE19E76542002A43D0 /* Debug */ = {
			isa = XCBuildConfiguration;
			buildSettings = {
				ALWAYS_SEARCH_USER_PATHS = NO;
				CLANG_CXX_LANGUAGE_STANDARD = "gnu++0x";
				CLANG_CXX_LIBRARY = "libc++";
				CLANG_ENABLE_MODULES = YES;
				CLANG_ENABLE_OBJC_ARC = YES;
				CLANG_WARN_BOOL_CONVERSION = YES;
				CLANG_WARN_CONSTANT_CONVERSION = YES;
				CLANG_WARN_DIRECT_OBJC_ISA_USAGE = YES_ERROR;
				CLANG_WARN_EMPTY_BODY = YES;
				CLANG_WARN_ENUM_CONVERSION = YES;
				CLANG_WARN_INT_CONVERSION = YES;
				CLANG_WARN_OBJC_ROOT_CLASS = YES_ERROR;
				CLANG_WARN_UNREACHABLE_CODE = YES;
				CLANG_WARN__DUPLICATE_METHOD_MATCH = YES;
				"CODE_SIGN_IDENTITY[sdk=iphoneos*]" = "iPhone Developer";
				COPY_PHASE_STRIP = NO;
				ENABLE_STRICT_OBJC_MSGSEND = YES;
				GCC_C_LANGUAGE_STANDARD = gnu99;
				GCC_DYNAMIC_NO_PIC = NO;
				GCC_OPTIMIZATION_LEVEL = 0;
				GCC_PREPROCESSOR_DEFINITIONS = (
					"DEBUG=1",
					"$(inherited)",
				);
				GCC_SYMBOLS_PRIVATE_EXTERN = NO;
				GCC_WARN_64_TO_32_BIT_CONVERSION = YES;
				GCC_WARN_ABOUT_RETURN_TYPE = YES_ERROR;
				GCC_WARN_UNDECLARED_SELECTOR = YES;
				GCC_WARN_UNINITIALIZED_AUTOS = YES_AGGRESSIVE;
				GCC_WARN_UNUSED_FUNCTION = YES;
				GCC_WARN_UNUSED_VARIABLE = YES;
				IPHONEOS_DEPLOYMENT_TARGET = 8.0;
				MTL_ENABLE_DEBUG_INFO = YES;
				ONLY_ACTIVE_ARCH = YES;
				SDKROOT = iphoneos;
			};
			name = Debug;
		};
		744D47FF19E76542002A43D0 /* Release */ = {
			isa = XCBuildConfiguration;
			buildSettings = {
				ALWAYS_SEARCH_USER_PATHS = NO;
				CLANG_CXX_LANGUAGE_STANDARD = "gnu++0x";
				CLANG_CXX_LIBRARY = "libc++";
				CLANG_ENABLE_MODULES = YES;
				CLANG_ENABLE_OBJC_ARC = YES;
				CLANG_WARN_BOOL_CONVERSION = YES;
				CLANG_WARN_CONSTANT_CONVERSION = YES;
				CLANG_WARN_DIRECT_OBJC_ISA_USAGE = YES_ERROR;
				CLANG_WARN_EMPTY_BODY = YES;
				CLANG_WARN_ENUM_CONVERSION = YES;
				CLANG_WARN_INT_CONVERSION = YES;
				CLANG_WARN_OBJC_ROOT_CLASS = YES_ERROR;
				CLANG_WARN_UNREACHABLE_CODE = YES;
				CLANG_WARN__DUPLICATE_METHOD_MATCH = YES;
				"CODE_SIGN_IDENTITY[sdk=iphoneos*]" = "iPhone Developer";
				COPY_PHASE_STRIP = YES;
				ENABLE_NS_ASSERTIONS = NO;
				ENABLE_STRICT_OBJC_MSGSEND = YES;
				GCC_C_LANGUAGE_STANDARD = gnu99;
				GCC_WARN_64_TO_32_BIT_CONVERSION = YES;
				GCC_WARN_ABOUT_RETURN_TYPE = YES_ERROR;
				GCC_WARN_UNDECLARED_SELECTOR = YES;
				GCC_WARN_UNINITIALIZED_AUTOS = YES_AGGRESSIVE;
				GCC_WARN_UNUSED_FUNCTION = YES;
				GCC_WARN_UNUSED_VARIABLE = YES;
				IPHONEOS_DEPLOYMENT_TARGET = 8.0;
				MTL_ENABLE_DEBUG_INFO = NO;
				SDKROOT = iphoneos;
				VALIDATE_PRODUCT = YES;
			};
			name = Release;
		};
		744D480119E76542002A43D0 /* Debug */ = {
			isa = XCBuildConfiguration;
			buildSettings = {
				ASSETCATALOG_COMPILER_APPICON_NAME = AppIcon;
				INFOPLIST_FILE = HelloWorldAssesment/Info.plist;
				LD_RUNPATH_SEARCH_PATHS = "$(inherited) @executable_path/Frameworks";
				PRODUCT_NAME = "$(TARGET_NAME)";
			};
			name = Debug;
		};
		744D480219E76542002A43D0 /* Release */ = {
			isa = XCBuildConfiguration;
			buildSettings = {
				ASSETCATALOG_COMPILER_APPICON_NAME = AppIcon;
				INFOPLIST_FILE = HelloWorldAssesment/Info.plist;
				LD_RUNPATH_SEARCH_PATHS = "$(inherited) @executable_path/Frameworks";
				PRODUCT_NAME = "$(TARGET_NAME)";
			};
			name = Release;
		};
		744D480419E76542002A43D0 /* Debug */ = {
			isa = XCBuildConfiguration;
			buildSettings = {
				BUNDLE_LOADER = "$(TEST_HOST)";
				FRAMEWORK_SEARCH_PATHS = (
					"$(SDKROOT)/Developer/Library/Frameworks",
					"$(inherited)",
				);
				GCC_PREPROCESSOR_DEFINITIONS = (
					"DEBUG=1",
					"$(inherited)",
				);
				INFOPLIST_FILE = HelloWorldAssesmentTests/Info.plist;
				LD_RUNPATH_SEARCH_PATHS = "$(inherited) @executable_path/Frameworks @loader_path/Frameworks";
				PRODUCT_NAME = "$(TARGET_NAME)";
				TEST_HOST = "$(BUILT_PRODUCTS_DIR)/HelloWorldAssesment.app/HelloWorldAssesment";
			};
			name = Debug;
		};
		744D480519E76542002A43D0 /* Release */ = {
			isa = XCBuildConfiguration;
			buildSettings = {
				BUNDLE_LOADER = "$(TEST_HOST)";
				FRAMEWORK_SEARCH_PATHS = (
					"$(SDKROOT)/Developer/Library/Frameworks",
					"$(inherited)",
				);
				INFOPLIST_FILE = HelloWorldAssesmentTests/Info.plist;
				LD_RUNPATH_SEARCH_PATHS = "$(inherited) @executable_path/Frameworks @loader_path/Frameworks";
				PRODUCT_NAME = "$(TARGET_NAME)";
				TEST_HOST = "$(BUILT_PRODUCTS_DIR)/HelloWorldAssesment.app/HelloWorldAssesment";
			};
			name = Release;
		};
/* End XCBuildConfiguration section */

/* Begin XCConfigurationList section */
		744D47D519E76541002A43D0 /* Build configuration list for PBXProject "HelloWorldAssesment" */ = {
			isa = XCConfigurationList;
			buildConfigurations = (
				744D47FE19E76542002A43D0 /* Debug */,
				744D47FF19E76542002A43D0 /* Release */,
			);
			defaultConfigurationIsVisible = 0;
			defaultConfigurationName = Release;
		};
		744D480019E76542002A43D0 /* Build configuration list for PBXNativeTarget "HelloWorldAssesment" */ = {
			isa = XCConfigurationList;
			buildConfigurations = (
				744D480119E76542002A43D0 /* Debug */,
				744D480219E76542002A43D0 /* Release */,
			);
			defaultConfigurationIsVisible = 0;
		};
		744D480319E76542002A43D0 /* Build configuration list for PBXNativeTarget "HelloWorldAssesmentTests" */ = {
			isa = XCConfigurationList;
			buildConfigurations = (
				744D480419E76542002A43D0 /* Debug */,
				744D480519E76542002A43D0 /* Release */,
			);
			defaultConfigurationIsVisible = 0;
		};
/* End XCConfigurationList section */

/* Begin XCVersionGroup section */
		744D47E419E76542002A43D0 /* HelloWorldAssesment.xcdatamodeld */ = {
			isa = XCVersionGroup;
			children = (
				744D47E519E76542002A43D0 /* HelloWorldAssesment.xcdatamodel */,
			);
			currentVersion = 744D47E519E76542002A43D0 /* HelloWorldAssesment.xcdatamodel */;
			path = HelloWorldAssesment.xcdatamodeld;
			sourceTree = "<group>";
			versionGroupType = wrapper.xcdatamodel;
		};
/* End XCVersionGroup section */
	};
	rootObject = 744D47D219E76541002A43D0 /* Project object */;
}
